// !$*UTF8*$!
{
	archiveVersion = 1;
	classes = {
	};
	objectVersion = 46;
	objects = {

/* Begin PBXBuildFile section */
		DB6095EF1E6E94D800A81FA8 /* AppDelegate.swift in Sources */ = {isa = PBXBuildFile; fileRef = DB6095EE1E6E94D800A81FA8 /* AppDelegate.swift */; };
		DB6095F11E6E94D800A81FA8 /* RITLQRCodeViewController.swift in Sources */ = {isa = PBXBuildFile; fileRef = DB6095F01E6E94D800A81FA8 /* RITLQRCodeViewController.swift */; };
		DB6095F41E6E94D800A81FA8 /* Main.storyboard in Resources */ = {isa = PBXBuildFile; fileRef = DB6095F21E6E94D800A81FA8 /* Main.storyboard */; };
		DB6095F61E6E94D800A81FA8 /* Assets.xcassets in Resources */ = {isa = PBXBuildFile; fileRef = DB6095F51E6E94D800A81FA8 /* Assets.xcassets */; };
		DB6095F91E6E94D800A81FA8 /* LaunchScreen.storyboard in Resources */ = {isa = PBXBuildFile; fileRef = DB6095F71E6E94D800A81FA8 /* LaunchScreen.storyboard */; };
		DB6096011E6E97B900A81FA8 /* RITLQRCoderMaker.swift in Sources */ = {isa = PBXBuildFile; fileRef = DB6096001E6E97B900A81FA8 /* RITLQRCoderMaker.swift */; };
		DB6096031E6EB06000A81FA8 /* RITLQRCoderAnalyor.swift in Sources */ = {isa = PBXBuildFile; fileRef = DB6096021E6EB06000A81FA8 /* RITLQRCoderAnalyor.swift */; };
		DBC2AB4C1E7796C70065DD16 /* RITLCoderExtension.swift in Sources */ = {isa = PBXBuildFile; fileRef = DBC2AB4B1E7796C70065DD16 /* RITLCoderExtension.swift */; };
/* End PBXBuildFile section */

/* Begin PBXFileReference section */
		DB6095EB1E6E94D800A81FA8 /* RITLCoderMakeDemo.app */ = {isa = PBXFileReference; explicitFileType = wrapper.application; includeInIndex = 0; path = RITLCoderMakeDemo.app; sourceTree = BUILT_PRODUCTS_DIR; };
		DB6095EE1E6E94D800A81FA8 /* AppDelegate.swift */ = {isa = PBXFileReference; lastKnownFileType = sourcecode.swift; path = AppDelegate.swift; sourceTree = "<group>"; };
		DB6095F01E6E94D800A81FA8 /* RITLQRCodeViewController.swift */ = {isa = PBXFileReference; lastKnownFileType = sourcecode.swift; path = RITLQRCodeViewController.swift; sourceTree = "<group>"; };
		DB6095F31E6E94D800A81FA8 /* Base */ = {isa = PBXFileReference; lastKnownFileType = file.storyboard; name = Base; path = Base.lproj/Main.storyboard; sourceTree = "<group>"; };
		DB6095F51E6E94D800A81FA8 /* Assets.xcassets */ = {isa = PBXFileReference; lastKnownFileType = folder.assetcatalog; path = Assets.xcassets; sourceTree = "<group>"; };
		DB6095F81E6E94D800A81FA8 /* Base */ = {isa = PBXFileReference; lastKnownFileType = file.storyboard; name = Base; path = Base.lproj/LaunchScreen.storyboard; sourceTree = "<group>"; };
		DB6095FA1E6E94D800A81FA8 /* Info.plist */ = {isa = PBXFileReference; lastKnownFileType = text.plist.xml; path = Info.plist; sourceTree = "<group>"; };
		DB6096001E6E97B900A81FA8 /* RITLQRCoderMaker.swift */ = {isa = PBXFileReference; fileEncoding = 4; lastKnownFileType = sourcecode.swift; path = RITLQRCoderMaker.swift; sourceTree = "<group>"; };
		DB6096021E6EB06000A81FA8 /* RITLQRCoderAnalyor.swift */ = {isa = PBXFileReference; fileEncoding = 4; lastKnownFileType = sourcecode.swift; path = RITLQRCoderAnalyor.swift; sourceTree = "<group>"; };
		DBC2AB4B1E7796C70065DD16 /* RITLCoderExtension.swift */ = {isa = PBXFileReference; fileEncoding = 4; lastKnownFileType = sourcecode.swift; path = RITLCoderExtension.swift; sourceTree = "<group>"; };
/* End PBXFileReference section */

/* Begin PBXFrameworksBuildPhase section */
		DB6095E81E6E94D800A81FA8 /* Frameworks */ = {
			isa = PBXFrameworksBuildPhase;
			buildActionMask = 2147483647;
			files = (
			);
			runOnlyForDeploymentPostprocessing = 0;
		};
/* End PBXFrameworksBuildPhase section */

/* Begin PBXGroup section */
		DB6095E21E6E94D800A81FA8 = {
			isa = PBXGroup;
			children = (
				DB6095ED1E6E94D800A81FA8 /* RITLCoderMakeDemo */,
				DB6095EC1E6E94D800A81FA8 /* Products */,
			);
			sourceTree = "<group>";
		};
		DB6095EC1E6E94D800A81FA8 /* Products */ = {
			isa = PBXGroup;
			children = (
				DB6095EB1E6E94D800A81FA8 /* RITLCoderMakeDemo.app */,
			);
			name = Products;
			sourceTree = "<group>";
		};
		DB6095ED1E6E94D800A81FA8 /* RITLCoderMakeDemo */ = {
			isa = PBXGroup;
			children = (
				DB6095EE1E6E94D800A81FA8 /* AppDelegate.swift */,
				DB6095F01E6E94D800A81FA8 /* RITLQRCodeViewController.swift */,
				DB6096001E6E97B900A81FA8 /* RITLQRCoderMaker.swift */,
				DB6096021E6EB06000A81FA8 /* RITLQRCoderAnalyor.swift */,
				DBC2AB4B1E7796C70065DD16 /* RITLCoderExtension.swift */,
				DB6095F21E6E94D800A81FA8 /* Main.storyboard */,
				DB6095F51E6E94D800A81FA8 /* Assets.xcassets */,
				DB6095F71E6E94D800A81FA8 /* LaunchScreen.storyboard */,
				DB6095FA1E6E94D800A81FA8 /* Info.plist */,
			);
			path = RITLCoderMakeDemo;
			sourceTree = "<group>";
		};
/* End PBXGroup section */

/* Begin PBXNativeTarget section */
		DB6095EA1E6E94D800A81FA8 /* RITLCoderMakeDemo */ = {
			isa = PBXNativeTarget;
			buildConfigurationList = DB6095FD1E6E94D800A81FA8 /* Build configuration list for PBXNativeTarget "RITLCoderMakeDemo" */;
			buildPhases = (
				DB6095E71E6E94D800A81FA8 /* Sources */,
				DB6095E81E6E94D800A81FA8 /* Frameworks */,
				DB6095E91E6E94D800A81FA8 /* Resources */,
			);
			buildRules = (
			);
			dependencies = (
			);
			name = RITLCoderMakeDemo;
			productName = RITLCoderMakeDemo;
			productReference = DB6095EB1E6E94D800A81FA8 /* RITLCoderMakeDemo.app */;
			productType = "com.apple.product-type.application";
		};
/* End PBXNativeTarget section */

/* Begin PBXProject section */
		DB6095E31E6E94D800A81FA8 /* Project object */ = {
			isa = PBXProject;
			attributes = {
				LastSwiftUpdateCheck = 0820;
				LastUpgradeCheck = 0820;
				ORGANIZATIONNAME = YueWen;
				TargetAttributes = {
					DB6095EA1E6E94D800A81FA8 = {
						CreatedOnToolsVersion = 8.2.1;
						DevelopmentTeam = 8S4NWFZC5J;
						ProvisioningStyle = Automatic;
					};
				};
			};
			buildConfigurationList = DB6095E61E6E94D800A81FA8 /* Build configuration list for PBXProject "RITLCoderMakeDemo" */;
			compatibilityVersion = "Xcode 3.2";
			developmentRegion = English;
			hasScannedForEncodings = 0;
			knownRegions = (
				en,
				Base,
			);
			mainGroup = DB6095E21E6E94D800A81FA8;
			productRefGroup = DB6095EC1E6E94D800A81FA8 /* Products */;
			projectDirPath = "";
			projectRoot = "";
			targets = (
				DB6095EA1E6E94D800A81FA8 /* RITLCoderMakeDemo */,
			);
		};
/* End PBXProject section */

/* Begin PBXResourcesBuildPhase section */
		DB6095E91E6E94D800A81FA8 /* Resources */ = {
			isa = PBXResourcesBuildPhase;
			buildActionMask = 2147483647;
			files = (
				DB6095F91E6E94D800A81FA8 /* LaunchScreen.storyboard in Resources */,
				DB6095F61E6E94D800A81FA8 /* Assets.xcassets in Resources */,
				DB6095F41E6E94D800A81FA8 /* Main.storyboard in Resources */,
			);
			runOnlyForDeploymentPostprocessing = 0;
		};
/* End PBXResourcesBuildPhase section */

/* Begin PBXSourcesBuildPhase section */
		DB6095E71E6E94D800A81FA8 /* Sources */ = {
			isa = PBXSourcesBuildPhase;
			buildActionMask = 2147483647;
			files = (
				DB6096031E6EB06000A81FA8 /* RITLQRCoderAnalyor.swift in Sources */,
				DB6096011E6E97B900A81FA8 /* RITLQRCoderMaker.swift in Sources */,
				DB6095F11E6E94D800A81FA8 /* RITLQRCodeViewController.swift in Sources */,
				DBC2AB4C1E7796C70065DD16 /* RITLCoderExtension.swift in Sources */,
				DB6095EF1E6E94D800A81FA8 /* AppDelegate.swift in Sources */,
			);
			runOnlyForDeploymentPostprocessing = 0;
		};
/* End PBXSourcesBuildPhase section */

/* Begin PBXVariantGroup section */
		DB6095F21E6E94D800A81FA8 /* Main.storyboard */ = {
			isa = PBXVariantGroup;
			children = (
				DB6095F31E6E94D800A81FA8 /* Base */,
			);
			name = Main.storyboard;
			sourceTree = "<group>";
		};
		DB6095F71E6E94D800A81FA8 /* LaunchScreen.storyboard */ = {
			isa = PBXVariantGroup;
			children = (
				DB6095F81E6E94D800A81FA8 /* Base */,
			);
			name = LaunchScreen.storyboard;
			sourceTree = "<group>";
		};
/* End PBXVariantGroup section */

/* Begin XCBuildConfiguration section */
		DB6095FB1E6E94D800A81FA8 /* Debug */ = {
			isa = XCBuildConfiguration;
			buildSettings = {
				ALWAYS_SEARCH_USER_PATHS = NO;
				CLANG_ANALYZER_NONNULL = YES;
				CLANG_CXX_LANGUAGE_STANDARD = "gnu++0x";
				CLANG_CXX_LIBRARY = "libc++";
				CLANG_ENABLE_MODULES = YES;
				CLANG_ENABLE_OBJC_ARC = YES;
				CLANG_WARN_BOOL_CONVERSION = YES;
				CLANG_WARN_CONSTANT_CONVERSION = YES;
				CLANG_WARN_DIRECT_OBJC_ISA_USAGE = YES_ERROR;
				CLANG_WARN_DOCUMENTATION_COMMENTS = YES;
				CLANG_WARN_EMPTY_BODY = YES;
				CLANG_WARN_ENUM_CONVERSION = YES;
				CLANG_WARN_INFINITE_RECURSION = YES;
				CLANG_WARN_INT_CONVERSION = YES;
				CLANG_WARN_OBJC_ROOT_CLASS = YES_ERROR;
				CLANG_WARN_SUSPICIOUS_MOVE = YES;
				CLANG_WARN_UNREACHABLE_CODE = YES;
				CLANG_WARN__DUPLICATE_METHOD_MATCH = YES;
				"CODE_SIGN_IDENTITY[sdk=iphoneos*]" = "iPhone Developer";
				COPY_PHASE_STRIP = NO;
				DEBUG_INFORMATION_FORMAT = dwarf;
				ENABLE_STRICT_OBJC_MSGSEND = YES;
				ENABLE_TESTABILITY = YES;
				GCC_C_LANGUAGE_STANDARD = gnu99;
				GCC_DYNAMIC_NO_PIC = NO;
				GCC_NO_COMMON_BLOCKS = YES;
				GCC_OPTIMIZATION_LEVEL = 0;
				GCC_PREPROCESSOR_DEFINITIONS = (
					"DEBUG=1",
					"$(inherited)",
				);
				GCC_WARN_64_TO_32_BIT_CONVERSION = YES;
				GCC_WARN_ABOUT_RETURN_TYPE = YES_ERROR;
				GCC_WARN_UNDECLARED_SELECTOR = YES;
				GCC_WARN_UNINITIALIZED_AUTOS = YES_AGGRESSIVE;
				GCC_WARN_UNUSED_FUNCTION = YES;
				GCC_WARN_UNUSED_VARIABLE = YES;
				IPHONEOS_DEPLOYMENT_TARGET = 10.2;
				MTL_ENABLE_DEBUG_INFO = YES;
				ONLY_ACTIVE_ARCH = YES;
				SDKROOT = iphoneos;
				SWIFT_ACTIVE_COMPILATION_CONDITIONS = DEBUG;
				SWIFT_OPTIMIZATION_LEVEL = "-Onone";
			};
			name = Debug;
		};
		DB6095FC1E6E94D800A81FA8 /* Release */ = {
			isa = XCBuildConfiguration;
			buildSettings = {
				ALWAYS_SEARCH_USER_PATHS = NO;
				CLANG_ANALYZER_NONNULL = YES;
				CLANG_CXX_LANGUAGE_STANDARD = "gnu++0x";
				CLANG_CXX_LIBRARY = "libc++";
				CLANG_ENABLE_MODULES = YES;
				CLANG_ENABLE_OBJC_ARC = YES;
				CLANG_WARN_BOOL_CONVERSION = YES;
				CLANG_WARN_CONSTANT_CONVERSION = YES;
				CLANG_WARN_DIRECT_OBJC_ISA_USAGE = YES_ERROR;
				CLANG_WARN_DOCUMENTATION_COMMENTS = YES;
				CLANG_WARN_EMPTY_BODY = YES;
				CLANG_WARN_ENUM_CONVERSION = YES;
				CLANG_WARN_INFINITE_RECURSION = YES;
				CLANG_WARN_INT_CONVERSION = YES;
				CLANG_WARN_OBJC_ROOT_CLASS = YES_ERROR;
				CLANG_WARN_SUSPICIOUS_MOVE = YES;
				CLANG_WARN_UNREACHABLE_CODE = YES;
				CLANG_WARN__DUPLICATE_METHOD_MATCH = YES;
				"CODE_SIGN_IDENTITY[sdk=iphoneos*]" = "iPhone Developer";
				COPY_PHASE_STRIP = NO;
				DEBUG_INFORMATION_FORMAT = "dwarf-with-dsym";
				ENABLE_NS_ASSERTIONS = NO;
				ENABLE_STRICT_OBJC_MSGSEND = YES;
				GCC_C_LANGUAGE_STANDARD = gnu99;
				GCC_NO_COMMON_BLOCKS = YES;
				GCC_WARN_64_TO_32_BIT_CONVERSION = YES;
				GCC_WARN_ABOUT_RETURN_TYPE = YES_ERROR;
				GCC_WARN_UNDECLARED_SELECTOR = YES;
				GCC_WARN_UNINITIALIZED_AUTOS = YES_AGGRESSIVE;
				GCC_WARN_UNUSED_FUNCTION = YES;
				GCC_WARN_UNUSED_VARIABLE = YES;
				IPHONEOS_DEPLOYMENT_TARGET = 10.2;
				MTL_ENABLE_DEBUG_INFO = NO;
				SDKROOT = iphoneos;
				SWIFT_OPTIMIZATION_LEVEL = "-Owholemodule";
				VALIDATE_PRODUCT = YES;
			};
			name = Release;
		};
		DB6095FE1E6E94D800A81FA8 /* Debug */ = {
			isa = XCBuildConfiguration;
			buildSettings = {
				ASSETCATALOG_COMPILER_APPICON_NAME = AppIcon;
				DEVELOPMENT_TEAM = 8S4NWFZC5J;
				INFOPLIST_FILE = RITLCoderMakeDemo/Info.plist;
				LD_RUNPATH_SEARCH_PATHS = "$(inherited) @executable_path/Frameworks";
				PRODUCT_BUNDLE_IDENTIFIER = com.yue.RITLCoderMakeDemo;
				PRODUCT_NAME = "$(TARGET_NAME)";
				SWIFT_VERSION = 3.0;
			};
			name = Debug;
		};
		DB6095FF1E6E94D800A81FA8 /* Release */ = {
			isa = XCBuildConfiguration;
			buildSettings = {
				ASSETCATALOG_COMPILER_APPICON_NAME = AppIcon;
				DEVELOPMENT_TEAM = 8S4NWFZC5J;
				INFOPLIST_FILE = RITLCoderMakeDemo/Info.plist;
				LD_RUNPATH_SEARCH_PATHS = "$(inherited) @executable_path/Frameworks";
				PRODUCT_BUNDLE_IDENTIFIER = com.yue.RITLCoderMakeDemo;
				PRODUCT_NAME = "$(TARGET_NAME)";
				SWIFT_VERSION = 3.0;
			};
			name = Release;
		};
/* End XCBuildConfiguration section */

/* Begin XCConfigurationList section */
		DB6095E61E6E94D800A81FA8 /* Build configuration list for PBXProject "RITLCoderMakeDemo" */ = {
			isa = XCConfigurationList;
			buildConfigurations = (
				DB6095FB1E6E94D800A81FA8 /* Debug */,
				DB6095FC1E6E94D800A81FA8 /* Release */,
			);
			defaultConfigurationIsVisible = 0;
			defaultConfigurationName = Release;
		};
		DB6095FD1E6E94D800A81FA8 /* Build configuration list for PBXNativeTarget "RITLCoderMakeDemo" */ = {
			isa = XCConfigurationList;
			buildConfigurations = (
				DB6095FE1E6E94D800A81FA8 /* Debug */,
				DB6095FF1E6E94D800A81FA8 /* Release */,
			);
			defaultConfigurationIsVisible = 0;
			defaultConfigurationName = Release;
		};
/* End XCConfigurationList section */
	};
	rootObject = DB6095E31E6E94D800A81FA8 /* Project object */;
}
